
Microsoft Visual Studio Solution File, Format Version 12.00
# Visual Studio Version 16
VisualStudioVersion = 16.0.30114.105
MinimumVisualStudioVersion = 10.0.40219.1
Project("{FAE04EC0-301F-11D3-BF4B-00C04F79EFBC}") = "TCPP-Stetsiuk-Project", "TCPP-Stetsiuk-Project\TCPP-Stetsiuk-Project.csproj", "{8E7C2539-F07D-405D-9EF2-3C6FCD775968}"
EndProject
Global
	GlobalSection(SolutionConfigurationPlatforms) = preSolution
		Debug|Any CPU = Debug|Any CPU
		Release|Any CPU = Release|Any CPU
	EndGlobalSection
	GlobalSection(ProjectConfigurationPlatforms) = postSolution
		{8E7C2539-F07D-405D-9EF2-3C6FCD775968}.Debug|Any CPU.ActiveCfg = Debug|Any CPU
		{8E7C2539-F07D-405D-9EF2-3C6FCD775968}.Debug|Any CPU.Build.0 = Debug|Any CPU
		{8E7C2539-F07D-405D-9EF2-3C6FCD775968}.Release|Any CPU.ActiveCfg = Release|Any CPU
		{8E7C2539-F07D-405D-9EF2-3C6FCD775968}.Release|Any CPU.Build.0 = Release|Any CPU
	EndGlobalSection
	GlobalSection(SolutionProperties) = preSolution
		HideSolutionNode = FALSE
	EndGlobalSection
	GlobalSection(ExtensibilityGlobals) = postSolution
		SolutionGuid = {BE56AAD3-8595-4F28-BF5C-5BE464026EDA}
	EndGlobalSection
EndGlobal
